
Microsoft Visual Studio Solution File, Format Version 12.00
# Visual Studio Version 17
VisualStudioVersion = 17.4.33103.184
MinimumVisualStudioVersion = 10.0.40219.1
Project("{FAE04EC0-301F-11D3-BF4B-00C04F79EFBC}") = "xadrez-console", "xadrez-console\xadrez-console.csproj", "{C44CAE99-BD47-4025-B4BF-31C306EC92CA}"
EndProject
Global
	GlobalSection(SolutionConfigurationPlatforms) = preSolution
		Debug|Any CPU = Debug|Any CPU
		Release|Any CPU = Release|Any CPU
	EndGlobalSection
	GlobalSection(ProjectConfigurationPlatforms) = postSolution
		{C44CAE99-BD47-4025-B4BF-31C306EC92CA}.Debug|Any CPU.ActiveCfg = Debug|Any CPU
		{C44CAE99-BD47-4025-B4BF-31C306EC92CA}.Debug|Any CPU.Build.0 = Debug|Any CPU
		{C44CAE99-BD47-4025-B4BF-31C306EC92CA}.Release|Any CPU.ActiveCfg = Release|Any CPU
		{C44CAE99-BD47-4025-B4BF-31C306EC92CA}.Release|Any CPU.Build.0 = Release|Any CPU
	EndGlobalSection
	GlobalSection(SolutionProperties) = preSolution
		HideSolutionNode = FALSE
	EndGlobalSection
	GlobalSection(ExtensibilityGlobals) = postSolution
		SolutionGuid = {48E7F9DA-2A1C-4E27-8C59-20819934A84B}
	EndGlobalSection
EndGlobal
